// !$*UTF8*$!
{
	archiveVersion = 1;
	classes = {
	};
	objectVersion = 77;
	objects = {

/* Begin PBXContainerItemProxy section */
		CAF81CB42E34DDB100687855 /* PBXContainerItemProxy */ = {
			isa = PBXContainerItemProxy;
			containerPortal = CAF81C9A2E34DDB000687855 /* Project object */;
			proxyType = 1;
			remoteGlobalIDString = CAF81CA12E34DDB000687855;
			remoteInfo = "Hide-Icon";
		};
		CAF81CBE2E34DDB100687855 /* PBXContainerItemProxy */ = {
			isa = PBXContainerItemProxy;
			containerPortal = CAF81C9A2E34DDB000687855 /* Project object */;
			proxyType = 1;
			remoteGlobalIDString = CAF81CA12E34DDB000687855;
			remoteInfo = "Hide-Icon";
		};
/* End PBXContainerItemProxy section */

/* Begin PBXFileReference section */
		CAF81CA22E34DDB000687855 /* Hide-Icon.app */ = {isa = PBXFileReference; explicitFileType = wrapper.application; includeInIndex = 0; path = "Hide-Icon.app"; sourceTree = BUILT_PRODUCTS_DIR; };
		CAF81CB32E34DDB100687855 /* Hide-IconTests.xctest */ = {isa = PBXFileReference; explicitFileType = wrapper.cfbundle; includeInIndex = 0; path = "Hide-IconTests.xctest"; sourceTree = BUILT_PRODUCTS_DIR; };
		CAF81CBD2E34DDB100687855 /* Hide-IconUITests.xctest */ = {isa = PBXFileReference; explicitFileType = wrapper.cfbundle; includeInIndex = 0; path = "Hide-IconUITests.xctest"; sourceTree = BUILT_PRODUCTS_DIR; };
/* End PBXFileReference section */

/* Begin PBXFileSystemSynchronizedRootGroup section */
		CAF81CA42E34DDB000687855 /* Hide-Icon */ = {
			isa = PBXFileSystemSynchronizedRootGroup;
			path = "Hide-Icon";
			sourceTree = "<group>";
		};
		CAF81CB62E34DDB100687855 /* Hide-IconTests */ = {
			isa = PBXFileSystemSynchronizedRootGroup;
			path = "Hide-IconTests";
			sourceTree = "<group>";
		};
		CAF81CC02E34DDB100687855 /* Hide-IconUITests */ = {
			isa = PBXFileSystemSynchronizedRootGroup;
			path = "Hide-IconUITests";
			sourceTree = "<group>";
		};
/* End PBXFileSystemSynchronizedRootGroup section */

/* Begin PBXFrameworksBuildPhase section */
		CAF81C9F2E34DDB000687855 /* Frameworks */ = {
			isa = PBXFrameworksBuildPhase;
			buildActionMask = 2147483647;
			files = (
			);
			runOnlyForDeploymentPostprocessing = 0;
		};
		CAF81CB02E34DDB100687855 /* Frameworks */ = {
			isa = PBXFrameworksBuildPhase;
			buildActionMask = 2147483647;
			files = (
			);
			runOnlyForDeploymentPostprocessing = 0;
		};
		CAF81CBA2E34DDB100687855 /* Frameworks */ = {
			isa = PBXFrameworksBuildPhase;
			buildActionMask = 2147483647;
			files = (
			);
			runOnlyForDeploymentPostprocessing = 0;
		};
/* End PBXFrameworksBuildPhase section */

/* Begin PBXGroup section */
		CAF81C992E34DDB000687855 = {
			isa = PBXGroup;
			children = (
				CAF81CA42E34DDB000687855 /* Hide-Icon */,
				CAF81CB62E34DDB100687855 /* Hide-IconTests */,
				CAF81CC02E34DDB100687855 /* Hide-IconUITests */,
				CAF81CA32E34DDB000687855 /* Products */,
			);
			sourceTree = "<group>";
		};
		CAF81CA32E34DDB000687855 /* Products */ = {
			isa = PBXGroup;
			children = (
				CAF81CA22E34DDB000687855 /* Hide-Icon.app */,
				CAF81CB32E34DDB100687855 /* Hide-IconTests.xctest */,
				CAF81CBD2E34DDB100687855 /* Hide-IconUITests.xctest */,
			);
			name = Products;
			sourceTree = "<group>";
		};
/* End PBXGroup section */

/* Begin PBXNativeTarget section */
		CAF81CA12E34DDB000687855 /* Hide-Icon */ = {
			isa = PBXNativeTarget;
			buildConfigurationList = CAF81CC72E34DDB100687855 /* Build configuration list for PBXNativeTarget "Hide-Icon" */;
			buildPhases = (
				CAF81C9E2E34DDB000687855 /* Sources */,
				CAF81C9F2E34DDB000687855 /* Frameworks */,
				CAF81CA02E34DDB000687855 /* Resources */,
			);
			buildRules = (
			);
			dependencies = (
			);
			fileSystemSynchronizedGroups = (
				CAF81CA42E34DDB000687855 /* Hide-Icon */,
			);
			name = "Hide-Icon";
			packageProductDependencies = (
			);
			productName = "Hide-Icon";
			productReference = CAF81CA22E34DDB000687855 /* Hide-Icon.app */;
			productType = "com.apple.product-type.application";
		};
		CAF81CB22E34DDB100687855 /* Hide-IconTests */ = {
			isa = PBXNativeTarget;
			buildConfigurationList = CAF81CCA2E34DDB100687855 /* Build configuration list for PBXNativeTarget "Hide-IconTests" */;
			buildPhases = (
				CAF81CAF2E34DDB100687855 /* Sources */,
				CAF81CB02E34DDB100687855 /* Frameworks */,
				CAF81CB12E34DDB100687855 /* Resources */,
			);
			buildRules = (
			);
			dependencies = (
				CAF81CB52E34DDB100687855 /* PBXTargetDependency */,
			);
			fileSystemSynchronizedGroups = (
				CAF81CB62E34DDB100687855 /* Hide-IconTests */,
			);
			name = "Hide-IconTests";
			packageProductDependencies = (
			);
			productName = "Hide-IconTests";
			productReference = CAF81CB32E34DDB100687855 /* Hide-IconTests.xctest */;
			productType = "com.apple.product-type.bundle.unit-test";
		};
		CAF81CBC2E34DDB100687855 /* Hide-IconUITests */ = {
			isa = PBXNativeTarget;
			buildConfigurationList = CAF81CCD2E34DDB100687855 /* Build configuration list for PBXNativeTarget "Hide-IconUITests" */;
			buildPhases = (
				CAF81CB92E34DDB100687855 /* Sources */,
				CAF81CBA2E34DDB100687855 /* Frameworks */,
				CAF81CBB2E34DDB100687855 /* Resources */,
			);
			buildRules = (
			);
			dependencies = (
				CAF81CBF2E34DDB100687855 /* PBXTargetDependency */,
			);
			fileSystemSynchronizedGroups = (
				CAF81CC02E34DDB100687855 /* Hide-IconUITests */,
			);
			name = "Hide-IconUITests";
			packageProductDependencies = (
			);
			productName = "Hide-IconUITests";
			productReference = CAF81CBD2E34DDB100687855 /* Hide-IconUITests.xctest */;
			productType = "com.apple.product-type.bundle.ui-testing";
		};
/* End PBXNativeTarget section */

/* Begin PBXProject section */
		CAF81C9A2E34DDB000687855 /* Project object */ = {
			isa = PBXProject;
			attributes = {
				BuildIndependentTargetsInParallel = 1;
				LastSwiftUpdateCheck = 1630;
				LastUpgradeCheck = 1630;
				TargetAttributes = {
					CAF81CA12E34DDB000687855 = {
						CreatedOnToolsVersion = 16.3;
					};
					CAF81CB22E34DDB100687855 = {
						CreatedOnToolsVersion = 16.3;
						TestTargetID = CAF81CA12E34DDB000687855;
					};
					CAF81CBC2E34DDB100687855 = {
						CreatedOnToolsVersion = 16.3;
						TestTargetID = CAF81CA12E34DDB000687855;
					};
				};
			};
			buildConfigurationList = CAF81C9D2E34DDB000687855 /* Build configuration list for PBXProject "Hide-Icon" */;
			developmentRegion = en;
			hasScannedForEncodings = 0;
			knownRegions = (
				en,
				Base,
			);
			mainGroup = CAF81C992E34DDB000687855;
			minimizedProjectReferenceProxies = 1;
			preferredProjectObjectVersion = 77;
			productRefGroup = CAF81CA32E34DDB000687855 /* Products */;
			projectDirPath = "";
			projectRoot = "";
			targets = (
				CAF81CA12E34DDB000687855 /* Hide-Icon */,
				CAF81CB22E34DDB100687855 /* Hide-IconTests */,
				CAF81CBC2E34DDB100687855 /* Hide-IconUITests */,
			);
		};
/* End PBXProject section */

/* Begin PBXResourcesBuildPhase section */
		CAF81CA02E34DDB000687855 /* Resources */ = {
			isa = PBXResourcesBuildPhase;
			buildActionMask = 2147483647;
			files = (
			);
			runOnlyForDeploymentPostprocessing = 0;
		};
		CAF81CB12E34DDB100687855 /* Resources */ = {
			isa = PBXResourcesBuildPhase;
			buildActionMask = 2147483647;
			files = (
			);
			runOnlyForDeploymentPostprocessing = 0;
		};
		CAF81CBB2E34DDB100687855 /* Resources */ = {
			isa = PBXResourcesBuildPhase;
			buildActionMask = 2147483647;
			files = (
			);
			runOnlyForDeploymentPostprocessing = 0;
		};
/* End PBXResourcesBuildPhase section */

/* Begin PBXSourcesBuildPhase section */
		CAF81C9E2E34DDB000687855 /* Sources */ = {
			isa = PBXSourcesBuildPhase;
			buildActionMask = 2147483647;
			files = (
			);
			runOnlyForDeploymentPostprocessing = 0;
		};
		CAF81CAF2E34DDB100687855 /* Sources */ = {
			isa = PBXSourcesBuildPhase;
			buildActionMask = 2147483647;
			files = (
			);
			runOnlyForDeploymentPostprocessing = 0;
		};
		CAF81CB92E34DDB100687855 /* Sources */ = {
			isa = PBXSourcesBuildPhase;
			buildActionMask = 2147483647;
			files = (
			);
			runOnlyForDeploymentPostprocessing = 0;
		};
/* End PBXSourcesBuildPhase section */

/* Begin PBXTargetDependency section */
		CAF81CB52E34DDB100687855 /* PBXTargetDependency */ = {
			isa = PBXTargetDependency;
			target = CAF81CA12E34DDB000687855 /* Hide-Icon */;
			targetProxy = CAF81CB42E34DDB100687855 /* PBXContainerItemProxy */;
		};
		CAF81CBF2E34DDB100687855 /* PBXTargetDependency */ = {
			isa = PBXTargetDependency;
			target = CAF81CA12E34DDB000687855 /* Hide-Icon */;
			targetProxy = CAF81CBE2E34DDB100687855 /* PBXContainerItemProxy */;
		};
/* End PBXTargetDependency section */

/* Begin XCBuildConfiguration section */
		CAF81CC52E34DDB100687855 /* Debug */ = {
			isa = XCBuildConfiguration;
			buildSettings = {
				ALWAYS_SEARCH_USER_PATHS = NO;
				ASSETCATALOG_COMPILER_GENERATE_SWIFT_ASSET_SYMBOL_EXTENSIONS = YES;
				CLANG_ANALYZER_NONNULL = YES;
				CLANG_ANALYZER_NUMBER_OBJECT_CONVERSION = YES_AGGRESSIVE;
				CLANG_CXX_LANGUAGE_STANDARD = "gnu++20";
				CLANG_ENABLE_MODULES = YES;
				CLANG_ENABLE_OBJC_ARC = YES;
				CLANG_ENABLE_OBJC_WEAK = YES;
				CLANG_WARN_BLOCK_CAPTURE_AUTORELEASING = YES;
				CLANG_WARN_BOOL_CONVERSION = YES;
				CLANG_WARN_COMMA = YES;
				CLANG_WARN_CONSTANT_CONVERSION = YES;
				CLANG_WARN_DEPRECATED_OBJC_IMPLEMENTATIONS = YES;
				CLANG_WARN_DIRECT_OBJC_ISA_USAGE = YES_ERROR;
				CLANG_WARN_DOCUMENTATION_COMMENTS = YES;
				CLANG_WARN_EMPTY_BODY = YES;
				CLANG_WARN_ENUM_CONVERSION = YES;
				CLANG_WARN_INFINITE_RECURSION = YES;
				CLANG_WARN_INT_CONVERSION = YES;
				CLANG_WARN_NON_LITERAL_NULL_CONVERSION = YES;
				CLANG_WARN_OBJC_IMPLICIT_RETAIN_SELF = YES;
				CLANG_WARN_OBJC_LITERAL_CONVERSION = YES;
				CLANG_WARN_OBJC_ROOT_CLASS = YES_ERROR;
				CLANG_WARN_QUOTED_INCLUDE_IN_FRAMEWORK_HEADER = YES;
				CLANG_WARN_RANGE_LOOP_ANALYSIS = YES;
				CLANG_WARN_STRICT_PROTOTYPES = YES;
				CLANG_WARN_SUSPICIOUS_MOVE = YES;
				CLANG_WARN_UNGUARDED_AVAILABILITY = YES_AGGRESSIVE;
				CLANG_WARN_UNREACHABLE_CODE = YES;
				CLANG_WARN__DUPLICATE_METHOD_MATCH = YES;
				COPY_PHASE_STRIP = NO;
				DEBUG_INFORMATION_FORMAT = dwarf;
				DEVELOPMENT_TEAM = M5JB33K2CK;
				ENABLE_STRICT_OBJC_MSGSEND = YES;
				ENABLE_TESTABILITY = YES;
				ENABLE_USER_SCRIPT_SANDBOXING = YES;
				GCC_C_LANGUAGE_STANDARD = gnu17;
				GCC_DYNAMIC_NO_PIC = NO;
				GCC_NO_COMMON_BLOCKS = YES;
				GCC_OPTIMIZATION_LEVEL = 0;
				GCC_PREPROCESSOR_DEFINITIONS = (
					"DEBUG=1",
					"$(inherited)",
				);
				GCC_WARN_64_TO_32_BIT_CONVERSION = YES;
				GCC_WARN_ABOUT_RETURN_TYPE = YES_ERROR;
				GCC_WARN_UNDECLARED_SELECTOR = YES;
				GCC_WARN_UNINITIALIZED_AUTOS = YES_AGGRESSIVE;
				GCC_WARN_UNUSED_FUNCTION = YES;
				GCC_WARN_UNUSED_VARIABLE = YES;
				LOCALIZATION_PREFERS_STRING_CATALOGS = YES;
				MACOSX_DEPLOYMENT_TARGET = 15.4;
				MTL_ENABLE_DEBUG_INFO = INCLUDE_SOURCE;
				MTL_FAST_MATH = YES;
				ONLY_ACTIVE_ARCH = YES;
				SDKROOT = macosx;
				SWIFT_ACTIVE_COMPILATION_CONDITIONS = "DEBUG $(inherited)";
				SWIFT_OPTIMIZATION_LEVEL = "-Onone";
			};
			name = Debug;
		};
		CAF81CC62E34DDB100687855 /* Release */ = {
			isa = XCBuildConfiguration;
			buildSettings = {
				ALWAYS_SEARCH_USER_PATHS = NO;
				ASSETCATALOG_COMPILER_GENERATE_SWIFT_ASSET_SYMBOL_EXTENSIONS = YES;
				CLANG_ANALYZER_NONNULL = YES;
				CLANG_ANALYZER_NUMBER_OBJECT_CONVERSION = YES_AGGRESSIVE;
				CLANG_CXX_LANGUAGE_STANDARD = "gnu++20";
				CLANG_ENABLE_MODULES = YES;
				CLANG_ENABLE_OBJC_ARC = YES;
				CLANG_ENABLE_OBJC_WEAK = YES;
				CLANG_WARN_BLOCK_CAPTURE_AUTORELEASING = YES;
				CLANG_WARN_BOOL_CONVERSION = YES;
				CLANG_WARN_COMMA = YES;
				CLANG_WARN_CONSTANT_CONVERSION = YES;
				CLANG_WARN_DEPRECATED_OBJC_IMPLEMENTATIONS = YES;
				CLANG_WARN_DIRECT_OBJC_ISA_USAGE = YES_ERROR;
				CLANG_WARN_DOCUMENTATION_COMMENTS = YES;
				CLANG_WARN_EMPTY_BODY = YES;
				CLANG_WARN_ENUM_CONVERSION = YES;
				CLANG_WARN_INFINITE_RECURSION = YES;
				CLANG_WARN_INT_CONVERSION = YES;
				CLANG_WARN_NON_LITERAL_NULL_CONVERSION = YES;
				CLANG_WARN_OBJC_IMPLICIT_RETAIN_SELF = YES;
				CLANG_WARN_OBJC_LITERAL_CONVERSION = YES;
				CLANG_WARN_OBJC_ROOT_CLASS = YES_ERROR;
				CLANG_WARN_QUOTED_INCLUDE_IN_FRAMEWORK_HEADER = YES;
				CLANG_WARN_RANGE_LOOP_ANALYSIS = YES;
				CLANG_WARN_STRICT_PROTOTYPES = YES;
				CLANG_WARN_SUSPICIOUS_MOVE = YES;
				CLANG_WARN_UNGUARDED_AVAILABILITY = YES_AGGRESSIVE;
				CLANG_WARN_UNREACHABLE_CODE = YES;
				CLANG_WARN__DUPLICATE_METHOD_MATCH = YES;
				COPY_PHASE_STRIP = NO;
				DEBUG_INFORMATION_FORMAT = "dwarf-with-dsym";
				DEVELOPMENT_TEAM = M5JB33K2CK;
				ENABLE_NS_ASSERTIONS = NO;
				ENABLE_STRICT_OBJC_MSGSEND = YES;
				ENABLE_USER_SCRIPT_SANDBOXING = YES;
				GCC_C_LANGUAGE_STANDARD = gnu17;
				GCC_NO_COMMON_BLOCKS = YES;
				GCC_WARN_64_TO_32_BIT_CONVERSION = YES;
				GCC_WARN_ABOUT_RETURN_TYPE = YES_ERROR;
				GCC_WARN_UNDECLARED_SELECTOR = YES;
				GCC_WARN_UNINITIALIZED_AUTOS = YES_AGGRESSIVE;
				GCC_WARN_UNUSED_FUNCTION = YES;
				GCC_WARN_UNUSED_VARIABLE = YES;
				LOCALIZATION_PREFERS_STRING_CATALOGS = YES;
				MACOSX_DEPLOYMENT_TARGET = 15.4;
				MTL_ENABLE_DEBUG_INFO = NO;
				MTL_FAST_MATH = YES;
				SDKROOT = macosx;
				SWIFT_COMPILATION_MODE = wholemodule;
			};
			name = Release;
		};
		CAF81CC82E34DDB100687855 /* Debug */ = {
			isa = XCBuildConfiguration;
			buildSettings = {
				ASSETCATALOG_COMPILER_APPICON_NAME = AppIcon;
				ASSETCATALOG_COMPILER_GLOBAL_ACCENT_COLOR_NAME = AccentColor;
				CODE_SIGN_ENTITLEMENTS = "Hide-Icon/Hide_Icon.entitlements";
				CODE_SIGN_STYLE = Automatic;
				COMBINE_HIDPI_IMAGES = YES;
				CURRENT_PROJECT_VERSION = 1;
				DEVELOPMENT_TEAM = M5JB33K2CK;
				ENABLE_HARDENED_RUNTIME = YES;
				GENERATE_INFOPLIST_FILE = YES;
				INFOPLIST_KEY_NSHumanReadableCopyright = "";
				INFOPLIST_KEY_NSMainStoryboardFile = Main;
				INFOPLIST_KEY_NSPrincipalClass = NSApplication;
				LD_RUNPATH_SEARCH_PATHS = (
					"$(inherited)",
					"@executable_path/../Frameworks",
				);
				MARKETING_VERSION = 1.0;
				PRODUCT_BUNDLE_IDENTIFIER = "Ziggy-xuan.Hide-Icon";
				PRODUCT_NAME = "$(TARGET_NAME)";
				REGISTER_APP_GROUPS = YES;
				SWIFT_EMIT_LOC_STRINGS = YES;
				SWIFT_VERSION = 5.0;
			};
			name = Debug;
		};
		CAF81CC92E34DDB100687855 /* Release */ = {
			isa = XCBuildConfiguration;
			buildSettings = {
				ASSETCATALOG_COMPILER_APPICON_NAME = AppIcon;
				ASSETCATALOG_COMPILER_GLOBAL_ACCENT_COLOR_NAME = AccentColor;
				CODE_SIGN_ENTITLEMENTS = "Hide-Icon/Hide_Icon.entitlements";
				CODE_SIGN_STYLE = Automatic;
				COMBINE_HIDPI_IMAGES = YES;
				CURRENT_PROJECT_VERSION = 1;
				DEVELOPMENT_TEAM = M5JB33K2CK;
				ENABLE_HARDENED_RUNTIME = YES;
				GENERATE_INFOPLIST_FILE = YES;
				INFOPLIST_KEY_NSHumanReadableCopyright = "";
				INFOPLIST_KEY_NSMainStoryboardFile = Main;
				INFOPLIST_KEY_NSPrincipalClass = NSApplication;
				LD_RUNPATH_SEARCH_PATHS = (
					"$(inherited)",
					"@executable_path/../Frameworks",
				);
				MARKETING_VERSION = 1.0;
				PRODUCT_BUNDLE_IDENTIFIER = "Ziggy-xuan.Hide-Icon";
				PRODUCT_NAME = "$(TARGET_NAME)";
				REGISTER_APP_GROUPS = YES;
				SWIFT_EMIT_LOC_STRINGS = YES;
				SWIFT_VERSION = 5.0;
			};
			name = Release;
		};
		CAF81CCB2E34DDB100687855 /* Debug */ = {
			isa = XCBuildConfiguration;
			buildSettings = {
				BUNDLE_LOADER = "$(TEST_HOST)";
				CODE_SIGN_STYLE = Automatic;
				CURRENT_PROJECT_VERSION = 1;
				DEVELOPMENT_TEAM = M5JB33K2CK;
				GENERATE_INFOPLIST_FILE = YES;
				MACOSX_DEPLOYMENT_TARGET = 15.4;
				MARKETING_VERSION = 1.0;
				PRODUCT_BUNDLE_IDENTIFIER = "Ziggy-xuan.Hide-IconTests";
				PRODUCT_NAME = "$(TARGET_NAME)";
				SWIFT_EMIT_LOC_STRINGS = NO;
				SWIFT_VERSION = 5.0;
				TEST_HOST = "$(BUILT_PRODUCTS_DIR)/Hide-Icon.app/$(BUNDLE_EXECUTABLE_FOLDER_PATH)/Hide-Icon";
			};
			name = Debug;
		};
		CAF81CCC2E34DDB100687855 /* Release */ = {
			isa = XCBuildConfiguration;
			buildSettings = {
				BUNDLE_LOADER = "$(TEST_HOST)";
				CODE_SIGN_STYLE = Automatic;
				CURRENT_PROJECT_VERSION = 1;
				DEVELOPMENT_TEAM = M5JB33K2CK;
				GENERATE_INFOPLIST_FILE = YES;
				MACOSX_DEPLOYMENT_TARGET = 15.4;
				MARKETING_VERSION = 1.0;
				PRODUCT_BUNDLE_IDENTIFIER = "Ziggy-xuan.Hide-IconTests";
				PRODUCT_NAME = "$(TARGET_NAME)";
				SWIFT_EMIT_LOC_STRINGS = NO;
				SWIFT_VERSION = 5.0;
				TEST_HOST = "$(BUILT_PRODUCTS_DIR)/Hide-Icon.app/$(BUNDLE_EXECUTABLE_FOLDER_PATH)/Hide-Icon";
			};
			name = Release;
		};
		CAF81CCE2E34DDB100687855 /* Debug */ = {
			isa = XCBuildConfiguration;
			buildSettings = {
				CODE_SIGN_STYLE = Automatic;
				CURRENT_PROJECT_VERSION = 1;
				DEVELOPMENT_TEAM = M5JB33K2CK;
				GENERATE_INFOPLIST_FILE = YES;
				MARKETING_VERSION = 1.0;
				PRODUCT_BUNDLE_IDENTIFIER = "Ziggy-xuan.Hide-IconUITests";
				PRODUCT_NAME = "$(TARGET_NAME)";
				SWIFT_EMIT_LOC_STRINGS = NO;
				SWIFT_VERSION = 5.0;
				TEST_TARGET_NAME = "Hide-Icon";
			};
			name = Debug;
		};
		CAF81CCF2E34DDB100687855 /* Release */ = {
			isa = XCBuildConfiguration;
			buildSettings = {
				CODE_SIGN_STYLE = Automatic;
				CURRENT_PROJECT_VERSION = 1;
				DEVELOPMENT_TEAM = M5JB33K2CK;
				GENERATE_INFOPLIST_FILE = YES;
				MARKETING_VERSION = 1.0;
				PRODUCT_BUNDLE_IDENTIFIER = "Ziggy-xuan.Hide-IconUITests";
				PRODUCT_NAME = "$(TARGET_NAME)";
				SWIFT_EMIT_LOC_STRINGS = NO;
				SWIFT_VERSION = 5.0;
				TEST_TARGET_NAME = "Hide-Icon";
			};
			name = Release;
		};
/* End XCBuildConfiguration section */

/* Begin XCConfigurationList section */
		CAF81C9D2E34DDB000687855 /* Build configuration list for PBXProject "Hide-Icon" */ = {
			isa = XCConfigurationList;
			buildConfigurations = (
				CAF81CC52E34DDB100687855 /* Debug */,
				CAF81CC62E34DDB100687855 /* Release */,
			);
			defaultConfigurationIsVisible = 0;
			defaultConfigurationName = Release;
		};
		CAF81CC72E34DDB100687855 /* Build configuration list for PBXNativeTarget "Hide-Icon" */ = {
			isa = XCConfigurationList;
			buildConfigurations = (
				CAF81CC82E34DDB100687855 /* Debug */,
				CAF81CC92E34DDB100687855 /* Release */,
			);
			defaultConfigurationIsVisible = 0;
			defaultConfigurationName = Release;
		};
		CAF81CCA2E34DDB100687855 /* Build configuration list for PBXNativeTarget "Hide-IconTests" */ = {
			isa = XCConfigurationList;
			buildConfigurations = (
				CAF81CCB2E34DDB100687855 /* Debug */,
				CAF81CCC2E34DDB100687855 /* Release */,
			);
			defaultConfigurationIsVisible = 0;
			defaultConfigurationName = Release;
		};
		CAF81CCD2E34DDB100687855 /* Build configuration list for PBXNativeTarget "Hide-IconUITests" */ = {
			isa = XCConfigurationList;
			buildConfigurations = (
				CAF81CCE2E34DDB100687855 /* Debug */,
				CAF81CCF2E34DDB100687855 /* Release */,
			);
			defaultConfigurationIsVisible = 0;
			defaultConfigurationName = Release;
		};
/* End XCConfigurationList section */
	};
	rootObject = CAF81C9A2E34DDB000687855 /* Project object */;
}
